
Microsoft Visual Studio Solution File, Format Version 12.00
# Visual Studio Version 16
VisualStudioVersion = 16.0.31911.196
MinimumVisualStudioVersion = 10.0.40219.1
Project("{FAE04EC0-301F-11D3-BF4B-00C04F79EFBC}") = "MyFirstApp", "MyFirstApp.csproj", "{FAD7CAFB-A3EB-47A4-8616-F0E2C6EE2515}"
EndProject
Global
	GlobalSection(SolutionConfigurationPlatforms) = preSolution
		Debug|Any CPU = Debug|Any CPU
		Release|Any CPU = Release|Any CPU
	EndGlobalSection
	GlobalSection(ProjectConfigurationPlatforms) = postSolution
		{FAD7CAFB-A3EB-47A4-8616-F0E2C6EE2515}.Debug|Any CPU.ActiveCfg = Debug|Any CPU
		{FAD7CAFB-A3EB-47A4-8616-F0E2C6EE2515}.Debug|Any CPU.Build.0 = Debug|Any CPU
		{FAD7CAFB-A3EB-47A4-8616-F0E2C6EE2515}.Release|Any CPU.ActiveCfg = Release|Any CPU
		{FAD7CAFB-A3EB-47A4-8616-F0E2C6EE2515}.Release|Any CPU.Build.0 = Release|Any CPU
	EndGlobalSection
	GlobalSection(SolutionProperties) = preSolution
		HideSolutionNode = FALSE
	EndGlobalSection
	GlobalSection(ExtensibilityGlobals) = postSolution
		SolutionGuid = {BE310C7D-D38B-4AB1-BABC-AC674C89B09B}
	EndGlobalSection
EndGlobal
